// !$*UTF8*$!
{
	archiveVersion = 1;
	classes = {
	};
	objectVersion = 46;
	objects = {

/* Begin PBXBuildFile section */
		7F34DF21182ECD38002E41C1 /* TestPQueue.m in Sources */ = {isa = PBXBuildFile; fileRef = 7F34DF20182ECD38002E41C1 /* TestPQueue.m */; };
		7F34DF22182ECF51002E41C1 /* PriorityQueue.cpp in Sources */ = {isa = PBXBuildFile; fileRef = 7F38FB7018264B3900C27B91 /* PriorityQueue.cpp */; };
		7F34DF23182ECF59002E41C1 /* PQueue.mm in Sources */ = {isa = PBXBuildFile; fileRef = 7FF3854C182D187700E6987E /* PQueue.mm */; };
		7F38FB691824ED1A00C27B91 /* Graph.cpp in Sources */ = {isa = PBXBuildFile; fileRef = 7F38FB671824ED1A00C27B91 /* Graph.cpp */; };
		7F38FB6F182507B700C27B91 /* ShortestPath.cpp in Sources */ = {isa = PBXBuildFile; fileRef = 7F38FB6D182507B700C27B91 /* ShortestPath.cpp */; };
		7F38FB7218264B3900C27B91 /* PriorityQueue.cpp in Sources */ = {isa = PBXBuildFile; fileRef = 7F38FB7018264B3900C27B91 /* PriorityQueue.cpp */; };
		7F5CE76918392098006140C0 /* UF.cpp in Sources */ = {isa = PBXBuildFile; fileRef = 7F5CE76718392098006140C0 /* UF.cpp */; };
		7FB0ACA0182FDCC800627B8D /* MST.cpp in Sources */ = {isa = PBXBuildFile; fileRef = 7FB0AC9E182FDCC800627B8D /* MST.cpp */; };
		7FB0ACA31838BC6B00627B8D /* Edge.cpp in Sources */ = {isa = PBXBuildFile; fileRef = 7FB0ACA11838BC6B00627B8D /* Edge.cpp */; };
		7FB0ACA81838BFEB00627B8D /* EdgeWeightedGraph.cpp in Sources */ = {isa = PBXBuildFile; fileRef = 7FB0ACA61838BFEB00627B8D /* EdgeWeightedGraph.cpp */; };
		7FF3852D182B7B9A00E6987E /* XCTest.framework in Frameworks */ = {isa = PBXBuildFile; fileRef = 7FF3852C182B7B9A00E6987E /* XCTest.framework */; };
		7FF38533182B7B9A00E6987E /* InfoPlist.strings in Resources */ = {isa = PBXBuildFile; fileRef = 7FF38531182B7B9A00E6987E /* InfoPlist.strings */; };
		7FF3854D182D187700E6987E /* PQueue.mm in Sources */ = {isa = PBXBuildFile; fileRef = 7FF3854C182D187700E6987E /* PQueue.mm */; };
		7FF83340181D6EF500AD4843 /* main.cpp in Sources */ = {isa = PBXBuildFile; fileRef = 7FF8333F181D6EF500AD4843 /* main.cpp */; };
		7FF83342181D6EF500AD4843 /* Graphs1.1 in CopyFiles */ = {isa = PBXBuildFile; fileRef = 7FF83341181D6EF500AD4843 /* Graphs1.1 */; };
/* End PBXBuildFile section */

/* Begin PBXContainerItemProxy section */
		7FF38537182B7B9A00E6987E /* PBXContainerItemProxy */ = {
			isa = PBXContainerItemProxy;
			containerPortal = 7FF83334181D6EF500AD4843 /* Project object */;
			proxyType = 1;
			remoteGlobalIDString = 7FF8333B181D6EF500AD4843;
			remoteInfo = Homework1;
		};
/* End PBXContainerItemProxy section */

/* Begin PBXCopyFilesBuildPhase section */
		7FF8333A181D6EF500AD4843 /* CopyFiles */ = {
			isa = PBXCopyFilesBuildPhase;
			buildActionMask = 2147483647;
			dstPath = /usr/share/man/man1/;
			dstSubfolderSpec = 0;
			files = (
				7FF83342181D6EF500AD4843 /* Graphs1.1 in CopyFiles */,
			);
			runOnlyForDeploymentPostprocessing = 1;
		};
/* End PBXCopyFilesBuildPhase section */

/* Begin PBXFileReference section */
		7F34DF20182ECD38002E41C1 /* TestPQueue.m */ = {isa = PBXFileReference; fileEncoding = 4; lastKnownFileType = sourcecode.c.objc; name = TestPQueue.m; path = GraphsTests/TestPQueue.m; sourceTree = SOURCE_ROOT; };
		7F38FB671824ED1A00C27B91 /* Graph.cpp */ = {isa = PBXFileReference; fileEncoding = 4; lastKnownFileType = sourcecode.cpp.cpp; path = Graph.cpp; sourceTree = "<group>"; };
		7F38FB681824ED1A00C27B91 /* Graph.h */ = {isa = PBXFileReference; fileEncoding = 4; lastKnownFileType = sourcecode.c.h; path = Graph.h; sourceTree = "<group>"; };
		7F38FB6D182507B700C27B91 /* ShortestPath.cpp */ = {isa = PBXFileReference; fileEncoding = 4; lastKnownFileType = sourcecode.cpp.cpp; path = ShortestPath.cpp; sourceTree = "<group>"; };
		7F38FB6E182507B700C27B91 /* ShortestPath.h */ = {isa = PBXFileReference; fileEncoding = 4; lastKnownFileType = sourcecode.c.h; path = ShortestPath.h; sourceTree = "<group>"; };
		7F38FB7018264B3900C27B91 /* PriorityQueue.cpp */ = {isa = PBXFileReference; fileEncoding = 4; lastKnownFileType = sourcecode.cpp.cpp; path = PriorityQueue.cpp; sourceTree = "<group>"; };
		7F38FB7118264B3900C27B91 /* PriorityQueue.h */ = {isa = PBXFileReference; fileEncoding = 4; lastKnownFileType = sourcecode.c.h; path = PriorityQueue.h; sourceTree = "<group>"; };
		7F5CE76718392098006140C0 /* UF.cpp */ = {isa = PBXFileReference; fileEncoding = 4; lastKnownFileType = sourcecode.cpp.cpp; path = UF.cpp; sourceTree = "<group>"; };
		7F5CE76818392098006140C0 /* UF.h */ = {isa = PBXFileReference; fileEncoding = 4; lastKnownFileType = sourcecode.c.h; path = UF.h; sourceTree = "<group>"; };
		7FB0AC9D182F8FB500627B8D /* test_graph0.txt */ = {isa = PBXFileReference; fileEncoding = 4; lastKnownFileType = text; name = test_graph0.txt; path = GraphsTests/test_graph0.txt; sourceTree = SOURCE_ROOT; };
		7FB0AC9E182FDCC800627B8D /* MST.cpp */ = {isa = PBXFileReference; fileEncoding = 4; lastKnownFileType = sourcecode.cpp.cpp; path = MST.cpp; sourceTree = "<group>"; };
		7FB0AC9F182FDCC800627B8D /* MST.h */ = {isa = PBXFileReference; fileEncoding = 4; lastKnownFileType = sourcecode.c.h; path = MST.h; sourceTree = "<group>"; };
		7FB0ACA11838BC6B00627B8D /* Edge.cpp */ = {isa = PBXFileReference; fileEncoding = 4; lastKnownFileType = sourcecode.cpp.cpp; path = Edge.cpp; sourceTree = "<group>"; };
		7FB0ACA21838BC6B00627B8D /* Edge.h */ = {isa = PBXFileReference; fileEncoding = 4; lastKnownFileType = sourcecode.c.h; path = Edge.h; sourceTree = "<group>"; };
		7FB0ACA41838BEDF00627B8D /* IndexMinPQ.h */ = {isa = PBXFileReference; lastKnownFileType = sourcecode.c.h; path = IndexMinPQ.h; sourceTree = "<group>"; };
		7FB0ACA51838BEEF00627B8D /* MaxPQ.h */ = {isa = PBXFileReference; lastKnownFileType = sourcecode.c.h; path = MaxPQ.h; sourceTree = "<group>"; };
		7FB0ACA61838BFEB00627B8D /* EdgeWeightedGraph.cpp */ = {isa = PBXFileReference; fileEncoding = 4; lastKnownFileType = sourcecode.cpp.cpp; path = EdgeWeightedGraph.cpp; sourceTree = "<group>"; };
		7FB0ACA71838BFEB00627B8D /* EdgeWeightedGraph.h */ = {isa = PBXFileReference; fileEncoding = 4; lastKnownFileType = sourcecode.c.h; path = EdgeWeightedGraph.h; sourceTree = "<group>"; };
		7FF3852A182B7B9A00E6987E /* AlgorithmsCplusPlus Tests.xctest */ = {isa = PBXFileReference; explicitFileType = wrapper.cfbundle; includeInIndex = 0; path = "AlgorithmsCplusPlus Tests.xctest"; sourceTree = BUILT_PRODUCTS_DIR; };
		7FF3852C182B7B9A00E6987E /* XCTest.framework */ = {isa = PBXFileReference; lastKnownFileType = wrapper.framework; name = XCTest.framework; path = Library/Frameworks/XCTest.framework; sourceTree = DEVELOPER_DIR; };
		7FF38530182B7B9A00E6987E /* AlgorithmsCplusPlus Tests-Info.plist */ = {isa = PBXFileReference; lastKnownFileType = text.plist.xml; path = "AlgorithmsCplusPlus Tests-Info.plist"; sourceTree = "<group>"; };
		7FF38532182B7B9A00E6987E /* en */ = {isa = PBXFileReference; lastKnownFileType = text.plist.strings; name = en; path = en.lproj/InfoPlist.strings; sourceTree = "<group>"; };
		7FF38536182B7B9A00E6987E /* AlgorithmsCplusPlus Tests-Prefix.pch */ = {isa = PBXFileReference; lastKnownFileType = sourcecode.c.h; path = "AlgorithmsCplusPlus Tests-Prefix.pch"; sourceTree = "<group>"; };
		7FF3854B182D187700E6987E /* PQueue.h */ = {isa = PBXFileReference; fileEncoding = 4; lastKnownFileType = sourcecode.c.h; name = PQueue.h; path = wrapper/PQueue.h; sourceTree = "<group>"; };
		7FF3854C182D187700E6987E /* PQueue.mm */ = {isa = PBXFileReference; fileEncoding = 4; lastKnownFileType = sourcecode.cpp.objcpp; name = PQueue.mm; path = wrapper/PQueue.mm; sourceTree = "<group>"; };
		7FF8333C181D6EF500AD4843 /* AlgorithmsCplusPlus */ = {isa = PBXFileReference; explicitFileType = "compiled.mach-o.executable"; includeInIndex = 0; path = AlgorithmsCplusPlus; sourceTree = BUILT_PRODUCTS_DIR; };
		7FF8333F181D6EF500AD4843 /* main.cpp */ = {isa = PBXFileReference; lastKnownFileType = sourcecode.cpp.cpp; path = main.cpp; sourceTree = "<group>"; };
		7FF83341181D6EF500AD4843 /* Graphs1.1 */ = {isa = PBXFileReference; lastKnownFileType = text.man; path = Graphs1.1; sourceTree = "<group>"; };
/* End PBXFileReference section */

/* Begin PBXFrameworksBuildPhase section */
		7FF38527182B7B9A00E6987E /* Frameworks */ = {
			isa = PBXFrameworksBuildPhase;
			buildActionMask = 2147483647;
			files = (
				7FF3852D182B7B9A00E6987E /* XCTest.framework in Frameworks */,
			);
			runOnlyForDeploymentPostprocessing = 0;
		};
		7FF83339181D6EF500AD4843 /* Frameworks */ = {
			isa = PBXFrameworksBuildPhase;
			buildActionMask = 2147483647;
			files = (
			);
			runOnlyForDeploymentPostprocessing = 0;
		};
/* End PBXFrameworksBuildPhase section */

/* Begin PBXGroup section */
		7F7F1A74182EC5BF0029ABB8 /* Test */ = {
			isa = PBXGroup;
			children = (
				7F34DF20182ECD38002E41C1 /* TestPQueue.m */,
				7FB0AC9D182F8FB500627B8D /* test_graph0.txt */,
			);
			name = Test;
			path = ../GraphsTests;
			sourceTree = "<group>";
		};
		7FF3852B182B7B9A00E6987E /* Frameworks */ = {
			isa = PBXGroup;
			children = (
				7FF3852C182B7B9A00E6987E /* XCTest.framework */,
			);
			name = Frameworks;
			sourceTree = "<group>";
		};
		7FF3852E182B7B9A00E6987E /* Graphs Tests */ = {
			isa = PBXGroup;
			children = (
				7FF3852F182B7B9A00E6987E /* Supporting Files */,
			);
			name = "Graphs Tests";
			path = GraphsTests;
			sourceTree = "<group>";
		};
		7FF3852F182B7B9A00E6987E /* Supporting Files */ = {
			isa = PBXGroup;
			children = (
				7FF38530182B7B9A00E6987E /* AlgorithmsCplusPlus Tests-Info.plist */,
				7FF38531182B7B9A00E6987E /* InfoPlist.strings */,
				7FF38536182B7B9A00E6987E /* AlgorithmsCplusPlus Tests-Prefix.pch */,
			);
			name = "Supporting Files";
			sourceTree = "<group>";
		};
		7FF38541182D155200E6987E /* wrapper */ = {
			isa = PBXGroup;
			children = (
				7FF3854C182D187700E6987E /* PQueue.mm */,
				7FF3854B182D187700E6987E /* PQueue.h */,
			);
			name = wrapper;
			sourceTree = "<group>";
		};
		7FF83333181D6EF500AD4843 = {
			isa = PBXGroup;
			children = (
				7FF8333E181D6EF500AD4843 /* Graphs */,
				7FF3852E182B7B9A00E6987E /* Graphs Tests */,
				7FF3852B182B7B9A00E6987E /* Frameworks */,
				7FF8333D181D6EF500AD4843 /* Products */,
			);
			sourceTree = "<group>";
		};
		7FF8333D181D6EF500AD4843 /* Products */ = {
			isa = PBXGroup;
			children = (
				7FF8333C181D6EF500AD4843 /* AlgorithmsCplusPlus */,
				7FF3852A182B7B9A00E6987E /* AlgorithmsCplusPlus Tests.xctest */,
			);
			name = Products;
			sourceTree = "<group>";
		};
		7FF8333E181D6EF500AD4843 /* Graphs */ = {
			isa = PBXGroup;
			children = (
				7F7F1A74182EC5BF0029ABB8 /* Test */,
				7FF38541182D155200E6987E /* wrapper */,
				7FF8333F181D6EF500AD4843 /* main.cpp */,
				7FF83341181D6EF500AD4843 /* Graphs1.1 */,
				7F38FB671824ED1A00C27B91 /* Graph.cpp */,
				7F38FB681824ED1A00C27B91 /* Graph.h */,
				7F38FB6D182507B700C27B91 /* ShortestPath.cpp */,
				7FB0ACA11838BC6B00627B8D /* Edge.cpp */,
				7FB0ACA21838BC6B00627B8D /* Edge.h */,
				7FB0ACA41838BEDF00627B8D /* IndexMinPQ.h */,
				7FB0ACA51838BEEF00627B8D /* MaxPQ.h */,
				7FB0ACA61838BFEB00627B8D /* EdgeWeightedGraph.cpp */,
				7FB0ACA71838BFEB00627B8D /* EdgeWeightedGraph.h */,
				7FB0AC9E182FDCC800627B8D /* MST.cpp */,
				7FB0AC9F182FDCC800627B8D /* MST.h */,
				7F38FB6E182507B700C27B91 /* ShortestPath.h */,
				7F38FB7018264B3900C27B91 /* PriorityQueue.cpp */,
				7F38FB7118264B3900C27B91 /* PriorityQueue.h */,
				7F5CE76718392098006140C0 /* UF.cpp */,
				7F5CE76818392098006140C0 /* UF.h */,
			);
			path = Graphs;
			sourceTree = "<group>";
		};
/* End PBXGroup section */

/* Begin PBXNativeTarget section */
		7FF38529182B7B9A00E6987E /* AlgorithmsCplusPlus Tests */ = {
			isa = PBXNativeTarget;
			buildConfigurationList = 7FF3853B182B7B9A00E6987E /* Build configuration list for PBXNativeTarget "AlgorithmsCplusPlus Tests" */;
			buildPhases = (
				7FF38526182B7B9A00E6987E /* Sources */,
				7FF38527182B7B9A00E6987E /* Frameworks */,
				7FF38528182B7B9A00E6987E /* Resources */,
			);
			buildRules = (
			);
			dependencies = (
				7FF38538182B7B9A00E6987E /* PBXTargetDependency */,
			);
			name = "AlgorithmsCplusPlus Tests";
			productName = "Homework1 Tests";
			productReference = 7FF3852A182B7B9A00E6987E /* AlgorithmsCplusPlus Tests.xctest */;
			productType = "com.apple.product-type.bundle.unit-test";
		};
		7FF8333B181D6EF500AD4843 /* AlgorithmsCplusPlus */ = {
			isa = PBXNativeTarget;
			buildConfigurationList = 7FF83345181D6EF500AD4843 /* Build configuration list for PBXNativeTarget "AlgorithmsCplusPlus" */;
			buildPhases = (
				7FF83338181D6EF500AD4843 /* Sources */,
				7FF83339181D6EF500AD4843 /* Frameworks */,
				7FF8333A181D6EF500AD4843 /* CopyFiles */,
			);
			buildRules = (
			);
			dependencies = (
			);
			name = AlgorithmsCplusPlus;
			productName = Homework1;
			productReference = 7FF8333C181D6EF500AD4843 /* AlgorithmsCplusPlus */;
			productType = "com.apple.product-type.tool";
		};
/* End PBXNativeTarget section */

/* Begin PBXProject section */
		7FF83334181D6EF500AD4843 /* Project object */ = {
			isa = PBXProject;
			attributes = {
				LastUpgradeCheck = 0500;
				ORGANIZATIONNAME = "Peter Trebing";
				TargetAttributes = {
					7FF38529182B7B9A00E6987E = {
						TestTargetID = 7FF8333B181D6EF500AD4843;
					};
				};
			};
			buildConfigurationList = 7FF83337181D6EF500AD4843 /* Build configuration list for PBXProject "AlgorithmsCplusPlus" */;
			compatibilityVersion = "Xcode 3.2";
			developmentRegion = English;
			hasScannedForEncodings = 0;
			knownRegions = (
				en,
			);
			mainGroup = 7FF83333181D6EF500AD4843;
			productRefGroup = 7FF8333D181D6EF500AD4843 /* Products */;
			projectDirPath = "";
			projectRoot = "";
			targets = (
				7FF8333B181D6EF500AD4843 /* AlgorithmsCplusPlus */,
				7FF38529182B7B9A00E6987E /* AlgorithmsCplusPlus Tests */,
			);
		};
/* End PBXProject section */

/* Begin PBXResourcesBuildPhase section */
		7FF38528182B7B9A00E6987E /* Resources */ = {
			isa = PBXResourcesBuildPhase;
			buildActionMask = 2147483647;
			files = (
				7FF38533182B7B9A00E6987E /* InfoPlist.strings in Resources */,
			);
			runOnlyForDeploymentPostprocessing = 0;
		};
/* End PBXResourcesBuildPhase section */

/* Begin PBXSourcesBuildPhase section */
		7FF38526182B7B9A00E6987E /* Sources */ = {
			isa = PBXSourcesBuildPhase;
			buildActionMask = 2147483647;
			files = (
				7F34DF23182ECF59002E41C1 /* PQueue.mm in Sources */,
				7F34DF22182ECF51002E41C1 /* PriorityQueue.cpp in Sources */,
				7F34DF21182ECD38002E41C1 /* TestPQueue.m in Sources */,
			);
			runOnlyForDeploymentPostprocessing = 0;
		};
		7FF83338181D6EF500AD4843 /* Sources */ = {
			isa = PBXSourcesBuildPhase;
			buildActionMask = 2147483647;
			files = (
				7FB0ACA0182FDCC800627B8D /* MST.cpp in Sources */,
				7F5CE76918392098006140C0 /* UF.cpp in Sources */,
				7F38FB6F182507B700C27B91 /* ShortestPath.cpp in Sources */,
				7FF3854D182D187700E6987E /* PQueue.mm in Sources */,
				7F38FB7218264B3900C27B91 /* PriorityQueue.cpp in Sources */,
				7F38FB691824ED1A00C27B91 /* Graph.cpp in Sources */,
				7FB0ACA31838BC6B00627B8D /* Edge.cpp in Sources */,
				7FB0ACA81838BFEB00627B8D /* EdgeWeightedGraph.cpp in Sources */,
				7FF83340181D6EF500AD4843 /* main.cpp in Sources */,
			);
			runOnlyForDeploymentPostprocessing = 0;
		};
/* End PBXSourcesBuildPhase section */

/* Begin PBXTargetDependency section */
		7FF38538182B7B9A00E6987E /* PBXTargetDependency */ = {
			isa = PBXTargetDependency;
			target = 7FF8333B181D6EF500AD4843 /* AlgorithmsCplusPlus */;
			targetProxy = 7FF38537182B7B9A00E6987E /* PBXContainerItemProxy */;
		};
/* End PBXTargetDependency section */

/* Begin PBXVariantGroup section */
		7FF38531182B7B9A00E6987E /* InfoPlist.strings */ = {
			isa = PBXVariantGroup;
			children = (
				7FF38532182B7B9A00E6987E /* en */,
			);
			name = InfoPlist.strings;
			sourceTree = "<group>";
		};
/* End PBXVariantGroup section */

/* Begin XCBuildConfiguration section */
		7FF38539182B7B9A00E6987E /* Debug */ = {
			isa = XCBuildConfiguration;
			buildSettings = {
				FRAMEWORK_SEARCH_PATHS = (
					"$(DEVELOPER_FRAMEWORKS_DIR)",
					"$(inherited)",
				);
				GCC_PRECOMPILE_PREFIX_HEADER = YES;
				GCC_PREFIX_HEADER = "GraphsTests/AlgorithmsCplusPlus Tests-Prefix.pch";
				GCC_PREPROCESSOR_DEFINITIONS = (
					"DEBUG=1",
					"$(inherited)",
				);
				INFOPLIST_FILE = "GraphsTests/AlgorithmsCplusPlus Tests-Info.plist";
				PRODUCT_NAME = "AlgorithmsCplusPlus Tests";
				WRAPPER_EXTENSION = xctest;
			};
			name = Debug;
		};
		7FF3853A182B7B9A00E6987E /* Release */ = {
			isa = XCBuildConfiguration;
			buildSettings = {
				FRAMEWORK_SEARCH_PATHS = (
					"$(DEVELOPER_FRAMEWORKS_DIR)",
					"$(inherited)",
				);
				GCC_PRECOMPILE_PREFIX_HEADER = YES;
				GCC_PREFIX_HEADER = "GraphsTests/AlgorithmsCplusPlus Tests-Prefix.pch";
				INFOPLIST_FILE = "GraphsTests/AlgorithmsCplusPlus Tests-Info.plist";
				PRODUCT_NAME = "AlgorithmsCplusPlus Tests";
				WRAPPER_EXTENSION = xctest;
			};
			name = Release;
		};
		7FF83343181D6EF500AD4843 /* Debug */ = {
			isa = XCBuildConfiguration;
			buildSettings = {
				ALWAYS_SEARCH_USER_PATHS = NO;
				CLANG_CXX_LANGUAGE_STANDARD = "gnu++0x";
				CLANG_CXX_LIBRARY = "libc++";
				CLANG_ENABLE_OBJC_ARC = YES;
				CLANG_WARN_BOOL_CONVERSION = YES;
				CLANG_WARN_CONSTANT_CONVERSION = YES;
				CLANG_WARN_DIRECT_OBJC_ISA_USAGE = YES_ERROR;
				CLANG_WARN_EMPTY_BODY = YES;
				CLANG_WARN_ENUM_CONVERSION = YES;
				CLANG_WARN_INT_CONVERSION = YES;
				CLANG_WARN_OBJC_ROOT_CLASS = YES_ERROR;
				CLANG_WARN__DUPLICATE_METHOD_MATCH = YES;
				COPY_PHASE_STRIP = NO;
				GCC_C_LANGUAGE_STANDARD = gnu99;
				GCC_DYNAMIC_NO_PIC = NO;
				GCC_ENABLE_OBJC_EXCEPTIONS = YES;
				GCC_OPTIMIZATION_LEVEL = 0;
				GCC_PREPROCESSOR_DEFINITIONS = (
					"DEBUG=1",
					"$(inherited)",
				);
				GCC_SYMBOLS_PRIVATE_EXTERN = NO;
				GCC_WARN_64_TO_32_BIT_CONVERSION = YES;
				GCC_WARN_ABOUT_RETURN_TYPE = YES_ERROR;
				GCC_WARN_UNDECLARED_SELECTOR = YES;
				GCC_WARN_UNINITIALIZED_AUTOS = YES;
				GCC_WARN_UNUSED_FUNCTION = YES;
				GCC_WARN_UNUSED_VARIABLE = YES;
				MACOSX_DEPLOYMENT_TARGET = 10.9;
				ONLY_ACTIVE_ARCH = YES;
				SDKROOT = macosx;
			};
			name = Debug;
		};
		7FF83344181D6EF500AD4843 /* Release */ = {
			isa = XCBuildConfiguration;
			buildSettings = {
				ALWAYS_SEARCH_USER_PATHS = NO;
				CLANG_CXX_LANGUAGE_STANDARD = "gnu++0x";
				CLANG_CXX_LIBRARY = "libc++";
				CLANG_ENABLE_OBJC_ARC = YES;
				CLANG_WARN_BOOL_CONVERSION = YES;
				CLANG_WARN_CONSTANT_CONVERSION = YES;
				CLANG_WARN_DIRECT_OBJC_ISA_USAGE = YES_ERROR;
				CLANG_WARN_EMPTY_BODY = YES;
				CLANG_WARN_ENUM_CONVERSION = YES;
				CLANG_WARN_INT_CONVERSION = YES;
				CLANG_WARN_OBJC_ROOT_CLASS = YES_ERROR;
				CLANG_WARN__DUPLICATE_METHOD_MATCH = YES;
				COPY_PHASE_STRIP = YES;
				DEBUG_INFORMATION_FORMAT = "dwarf-with-dsym";
				ENABLE_NS_ASSERTIONS = NO;
				GCC_C_LANGUAGE_STANDARD = gnu99;
				GCC_ENABLE_OBJC_EXCEPTIONS = YES;
				GCC_WARN_64_TO_32_BIT_CONVERSION = YES;
				GCC_WARN_ABOUT_RETURN_TYPE = YES_ERROR;
				GCC_WARN_UNDECLARED_SELECTOR = YES;
				GCC_WARN_UNINITIALIZED_AUTOS = YES;
				GCC_WARN_UNUSED_FUNCTION = YES;
				GCC_WARN_UNUSED_VARIABLE = YES;
				MACOSX_DEPLOYMENT_TARGET = 10.9;
				ONLY_ACTIVE_ARCH = YES;
				SDKROOT = macosx;
			};
			name = Release;
		};
		7FF83346181D6EF500AD4843 /* Debug */ = {
			isa = XCBuildConfiguration;
			buildSettings = {
				PRODUCT_NAME = AlgorithmsCplusPlus;
			};
			name = Debug;
		};
		7FF83347181D6EF500AD4843 /* Release */ = {
			isa = XCBuildConfiguration;
			buildSettings = {
				PRODUCT_NAME = AlgorithmsCplusPlus;
			};
			name = Release;
		};
/* End XCBuildConfiguration section */

/* Begin XCConfigurationList section */
		7FF3853B182B7B9A00E6987E /* Build configuration list for PBXNativeTarget "AlgorithmsCplusPlus Tests" */ = {
			isa = XCConfigurationList;
			buildConfigurations = (
				7FF38539182B7B9A00E6987E /* Debug */,
				7FF3853A182B7B9A00E6987E /* Release */,
			);
			defaultConfigurationIsVisible = 0;
			defaultConfigurationName = Release;
		};
		7FF83337181D6EF500AD4843 /* Build configuration list for PBXProject "AlgorithmsCplusPlus" */ = {
			isa = XCConfigurationList;
			buildConfigurations = (
				7FF83343181D6EF500AD4843 /* Debug */,
				7FF83344181D6EF500AD4843 /* Release */,
			);
			defaultConfigurationIsVisible = 0;
			defaultConfigurationName = Release;
		};
		7FF83345181D6EF500AD4843 /* Build configuration list for PBXNativeTarget "AlgorithmsCplusPlus" */ = {
			isa = XCConfigurationList;
			buildConfigurations = (
				7FF83346181D6EF500AD4843 /* Debug */,
				7FF83347181D6EF500AD4843 /* Release */,
			);
			defaultConfigurationIsVisible = 0;
			defaultConfigurationName = Release;
		};
/* End XCConfigurationList section */
	};
	rootObject = 7FF83334181D6EF500AD4843 /* Project object */;
}
